
Microsoft Visual Studio Solution File, Format Version 12.00
# Visual Studio Version 17
VisualStudioVersion = 17.4.33213.308
MinimumVisualStudioVersion = 10.0.40219.1
Project("{9A19103F-16F7-4668-BE54-9A1E7A4F7556}") = "ArrayConsoleApp", "ArrayConsoleApp\ArrayConsoleApp.csproj", "{24113511-4916-416D-94DD-AF24ECE1E46D}"
EndProject
Project("{9A19103F-16F7-4668-BE54-9A1E7A4F7556}") = "Array", "Array\Array.csproj", "{7FC5EB72-06EF-424A-9B09-7A4D3F0E32E8}"
EndProject
Project("{9A19103F-16F7-4668-BE54-9A1E7A4F7556}") = "ArrayTests", "ArrayTests\ArrayTests.csproj", "{B143F627-E54D-4C4B-98C3-E025493DC88E}"
EndProject
Project("{9A19103F-16F7-4668-BE54-9A1E7A4F7556}") = "CollectionsConsoleApp", "CollectionsConsoleApp\CollectionsConsoleApp.csproj", "{67EAC1CE-770E-4218-846C-46E857C304F8}"
EndProject
Project("{9A19103F-16F7-4668-BE54-9A1E7A4F7556}") = "CollectionTests", "CollectionTests\CollectionTests.csproj", "{BAFC5407-97AE-4FBA-AB95-3F015398CE2E}"
EndProject
Project("{9A19103F-16F7-4668-BE54-9A1E7A4F7556}") = "List", "List\List.csproj", "{E3F1EE45-07E3-4EC3-86B3-8050D787525D}"
EndProject
Project("{9A19103F-16F7-4668-BE54-9A1E7A4F7556}") = "ListTests", "ListTests\ListTests.csproj", "{6719FB05-0C30-42A1-B68D-9BF53D8F657E}"
EndProject
Project("{9A19103F-16F7-4668-BE54-9A1E7A4F7556}") = "Linkedlist", "Lİnkedlist\Linkedlist.csproj", "{E3316EDC-8380-4200-A49B-A14EC6D04D4C}"
EndProject
Project("{9A19103F-16F7-4668-BE54-9A1E7A4F7556}") = "LinkedListConsoleApp", "LinkedListConsoleApp\LinkedListConsoleApp.csproj", "{51F25910-A2FB-4CA4-87E4-7FF1F587B56A}"
EndProject
Project("{9A19103F-16F7-4668-BE54-9A1E7A4F7556}") = "SinglyLinkedListTests", "SinglyLinkedListTest\SinglyLinkedListTests.csproj", "{E98ECA57-E749-4757-90E5-B7AE48389C5C}"
EndProject
Project("{2150E333-8FDC-42A3-9474-1A3956D46DE8}") = "Apps", "Apps", "{ED5A913A-7253-4C10-92FC-75BABED0BB7E}"
EndProject
Project("{2150E333-8FDC-42A3-9474-1A3956D46DE8}") = "DataStructures", "DataStructures", "{AC92B319-80C9-4B0F-AEAC-F65D2DD3DD18}"
EndProject
Project("{2150E333-8FDC-42A3-9474-1A3956D46DE8}") = "Tests", "Tests", "{0A86FDB5-2350-4EF3-AA5E-D10A440FA415}"
EndProject
Project("{9A19103F-16F7-4668-BE54-9A1E7A4F7556}") = "DoublyLinkedListTest", "DoublyLinkedListTest\DoublyLinkedListTest.csproj", "{2B9E7E80-96A0-4D99-8657-0F502EA154F8}"
EndProject
Project("{FAE04EC0-301F-11D3-BF4B-00C04F79EFBC}") = "Stackk", "Stackk\Stackk.csproj", "{BFACC5B1-0D7D-4235-874C-8FC962B2460A}"
EndProject
Project("{FAE04EC0-301F-11D3-BF4B-00C04F79EFBC}") = "StackTest", "StackTest\StackTest.csproj", "{CE15C051-1CC9-452A-9183-B0CA2CA7C84E}"
EndProject
Global
	GlobalSection(SolutionConfigurationPlatforms) = preSolution
		Debug|Any CPU = Debug|Any CPU
		Release|Any CPU = Release|Any CPU
	EndGlobalSection
	GlobalSection(ProjectConfigurationPlatforms) = postSolution
		{24113511-4916-416D-94DD-AF24ECE1E46D}.Debug|Any CPU.ActiveCfg = Debug|Any CPU
		{24113511-4916-416D-94DD-AF24ECE1E46D}.Debug|Any CPU.Build.0 = Debug|Any CPU
		{24113511-4916-416D-94DD-AF24ECE1E46D}.Release|Any CPU.ActiveCfg = Release|Any CPU
		{24113511-4916-416D-94DD-AF24ECE1E46D}.Release|Any CPU.Build.0 = Release|Any CPU
		{7FC5EB72-06EF-424A-9B09-7A4D3F0E32E8}.Debug|Any CPU.ActiveCfg = Debug|Any CPU
		{7FC5EB72-06EF-424A-9B09-7A4D3F0E32E8}.Debug|Any CPU.Build.0 = Debug|Any CPU
		{7FC5EB72-06EF-424A-9B09-7A4D3F0E32E8}.Release|Any CPU.ActiveCfg = Release|Any CPU
		{7FC5EB72-06EF-424A-9B09-7A4D3F0E32E8}.Release|Any CPU.Build.0 = Release|Any CPU
		{B143F627-E54D-4C4B-98C3-E025493DC88E}.Debug|Any CPU.ActiveCfg = Debug|Any CPU
		{B143F627-E54D-4C4B-98C3-E025493DC88E}.Debug|Any CPU.Build.0 = Debug|Any CPU
		{B143F627-E54D-4C4B-98C3-E025493DC88E}.Release|Any CPU.ActiveCfg = Release|Any CPU
		{B143F627-E54D-4C4B-98C3-E025493DC88E}.Release|Any CPU.Build.0 = Release|Any CPU
		{67EAC1CE-770E-4218-846C-46E857C304F8}.Debug|Any CPU.ActiveCfg = Debug|Any CPU
		{67EAC1CE-770E-4218-846C-46E857C304F8}.Debug|Any CPU.Build.0 = Debug|Any CPU
		{67EAC1CE-770E-4218-846C-46E857C304F8}.Release|Any CPU.ActiveCfg = Release|Any CPU
		{67EAC1CE-770E-4218-846C-46E857C304F8}.Release|Any CPU.Build.0 = Release|Any CPU
		{BAFC5407-97AE-4FBA-AB95-3F015398CE2E}.Debug|Any CPU.ActiveCfg = Debug|Any CPU
		{BAFC5407-97AE-4FBA-AB95-3F015398CE2E}.Debug|Any CPU.Build.0 = Debug|Any CPU
		{BAFC5407-97AE-4FBA-AB95-3F015398CE2E}.Release|Any CPU.ActiveCfg = Release|Any CPU
		{BAFC5407-97AE-4FBA-AB95-3F015398CE2E}.Release|Any CPU.Build.0 = Release|Any CPU
		{E3F1EE45-07E3-4EC3-86B3-8050D787525D}.Debug|Any CPU.ActiveCfg = Debug|Any CPU
		{E3F1EE45-07E3-4EC3-86B3-8050D787525D}.Debug|Any CPU.Build.0 = Debug|Any CPU
		{E3F1EE45-07E3-4EC3-86B3-8050D787525D}.Release|Any CPU.ActiveCfg = Release|Any CPU
		{E3F1EE45-07E3-4EC3-86B3-8050D787525D}.Release|Any CPU.Build.0 = Release|Any CPU
		{6719FB05-0C30-42A1-B68D-9BF53D8F657E}.Debug|Any CPU.ActiveCfg = Debug|Any CPU
		{6719FB05-0C30-42A1-B68D-9BF53D8F657E}.Debug|Any CPU.Build.0 = Debug|Any CPU
		{6719FB05-0C30-42A1-B68D-9BF53D8F657E}.Release|Any CPU.ActiveCfg = Release|Any CPU
		{6719FB05-0C30-42A1-B68D-9BF53D8F657E}.Release|Any CPU.Build.0 = Release|Any CPU
		{E3316EDC-8380-4200-A49B-A14EC6D04D4C}.Debug|Any CPU.ActiveCfg = Debug|Any CPU
		{E3316EDC-8380-4200-A49B-A14EC6D04D4C}.Debug|Any CPU.Build.0 = Debug|Any CPU
		{E3316EDC-8380-4200-A49B-A14EC6D04D4C}.Release|Any CPU.ActiveCfg = Release|Any CPU
		{E3316EDC-8380-4200-A49B-A14EC6D04D4C}.Release|Any CPU.Build.0 = Release|Any CPU
		{51F25910-A2FB-4CA4-87E4-7FF1F587B56A}.Debug|Any CPU.ActiveCfg = Debug|Any CPU
		{51F25910-A2FB-4CA4-87E4-7FF1F587B56A}.Debug|Any CPU.Build.0 = Debug|Any CPU
		{51F25910-A2FB-4CA4-87E4-7FF1F587B56A}.Release|Any CPU.ActiveCfg = Release|Any CPU
		{51F25910-A2FB-4CA4-87E4-7FF1F587B56A}.Release|Any CPU.Build.0 = Release|Any CPU
		{E98ECA57-E749-4757-90E5-B7AE48389C5C}.Debug|Any CPU.ActiveCfg = Debug|Any CPU
		{E98ECA57-E749-4757-90E5-B7AE48389C5C}.Debug|Any CPU.Build.0 = Debug|Any CPU
		{E98ECA57-E749-4757-90E5-B7AE48389C5C}.Release|Any CPU.ActiveCfg = Release|Any CPU
		{E98ECA57-E749-4757-90E5-B7AE48389C5C}.Release|Any CPU.Build.0 = Release|Any CPU
		{2B9E7E80-96A0-4D99-8657-0F502EA154F8}.Debug|Any CPU.ActiveCfg = Debug|Any CPU
		{2B9E7E80-96A0-4D99-8657-0F502EA154F8}.Debug|Any CPU.Build.0 = Debug|Any CPU
		{2B9E7E80-96A0-4D99-8657-0F502EA154F8}.Release|Any CPU.ActiveCfg = Release|Any CPU
		{2B9E7E80-96A0-4D99-8657-0F502EA154F8}.Release|Any CPU.Build.0 = Release|Any CPU
		{BFACC5B1-0D7D-4235-874C-8FC962B2460A}.Debug|Any CPU.ActiveCfg = Debug|Any CPU
		{BFACC5B1-0D7D-4235-874C-8FC962B2460A}.Debug|Any CPU.Build.0 = Debug|Any CPU
		{BFACC5B1-0D7D-4235-874C-8FC962B2460A}.Release|Any CPU.ActiveCfg = Release|Any CPU
		{BFACC5B1-0D7D-4235-874C-8FC962B2460A}.Release|Any CPU.Build.0 = Release|Any CPU
		{CE15C051-1CC9-452A-9183-B0CA2CA7C84E}.Debug|Any CPU.ActiveCfg = Debug|Any CPU
		{CE15C051-1CC9-452A-9183-B0CA2CA7C84E}.Debug|Any CPU.Build.0 = Debug|Any CPU
		{CE15C051-1CC9-452A-9183-B0CA2CA7C84E}.Release|Any CPU.ActiveCfg = Release|Any CPU
		{CE15C051-1CC9-452A-9183-B0CA2CA7C84E}.Release|Any CPU.Build.0 = Release|Any CPU
	EndGlobalSection
	GlobalSection(SolutionProperties) = preSolution
		HideSolutionNode = FALSE
	EndGlobalSection
	GlobalSection(NestedProjects) = preSolution
		{24113511-4916-416D-94DD-AF24ECE1E46D} = {ED5A913A-7253-4C10-92FC-75BABED0BB7E}
		{7FC5EB72-06EF-424A-9B09-7A4D3F0E32E8} = {AC92B319-80C9-4B0F-AEAC-F65D2DD3DD18}
		{B143F627-E54D-4C4B-98C3-E025493DC88E} = {0A86FDB5-2350-4EF3-AA5E-D10A440FA415}
		{67EAC1CE-770E-4218-846C-46E857C304F8} = {ED5A913A-7253-4C10-92FC-75BABED0BB7E}
		{BAFC5407-97AE-4FBA-AB95-3F015398CE2E} = {0A86FDB5-2350-4EF3-AA5E-D10A440FA415}
		{E3F1EE45-07E3-4EC3-86B3-8050D787525D} = {AC92B319-80C9-4B0F-AEAC-F65D2DD3DD18}
		{6719FB05-0C30-42A1-B68D-9BF53D8F657E} = {0A86FDB5-2350-4EF3-AA5E-D10A440FA415}
		{E3316EDC-8380-4200-A49B-A14EC6D04D4C} = {AC92B319-80C9-4B0F-AEAC-F65D2DD3DD18}
		{51F25910-A2FB-4CA4-87E4-7FF1F587B56A} = {ED5A913A-7253-4C10-92FC-75BABED0BB7E}
		{E98ECA57-E749-4757-90E5-B7AE48389C5C} = {0A86FDB5-2350-4EF3-AA5E-D10A440FA415}
		{2B9E7E80-96A0-4D99-8657-0F502EA154F8} = {0A86FDB5-2350-4EF3-AA5E-D10A440FA415}
		{BFACC5B1-0D7D-4235-874C-8FC962B2460A} = {AC92B319-80C9-4B0F-AEAC-F65D2DD3DD18}
		{CE15C051-1CC9-452A-9183-B0CA2CA7C84E} = {0A86FDB5-2350-4EF3-AA5E-D10A440FA415}
	EndGlobalSection
	GlobalSection(ExtensibilityGlobals) = postSolution
		SolutionGuid = {F9BA7C29-E3C1-4435-8C59-83FE5ECF7867}
	EndGlobalSection
EndGlobal
